
Microsoft Visual Studio Solution File, Format Version 12.00
# Visual Studio Version 18
VisualStudioVersion = 18.1.11312.151
MinimumVisualStudioVersion = 10.0.40219.1
Project("{FAE04EC0-301F-11D3-BF4B-00C04F79EFBC}") = "Krp", "src\Krp\Krp.csproj", "{6718844C-4659-E27D-F7BB-00B32D33C517}"
EndProject
Project("{E53339B2-1760-4266-BCC7-CA923CBCF16C}") = "docker-compose", "docker\docker-compose.dcproj", "{81DDED9D-158B-E303-5F62-77A2896D2A5A}"
EndProject
Project("{FAE04EC0-301F-11D3-BF4B-00C04F79EFBC}") = "dotnet-krp", "src\dotnet-krp\dotnet-krp.csproj", "{E79A77F6-FD1F-4CFE-BAD1-B78351DFD969}"
EndProject
Project("{FAE04EC0-301F-11D3-BF4B-00C04F79EFBC}") = "Krp.Tests", "test\Krp.Tests\Krp.Tests.csproj", "{1117C544-761B-479B-9426-75EA059767B9}"
EndProject
Project("{FAE04EC0-301F-11D3-BF4B-00C04F79EFBC}") = "Krp.ProcessRunnerProbe", "test\Krp.ProcessRunnerProbe\Krp.ProcessRunnerProbe.csproj", "{B9BFDD79-B3C7-42C6-3289-74F963EE317F}"
EndProject
Project("{FAE04EC0-301F-11D3-BF4B-00C04F79EFBC}") = "Krp.Tests1", "test\Krp.Tests1\Krp.Tests1.csproj", "{C090BDC9-30ED-7F78-796F-EF6B3B5185CB}"
EndProject
Global
	GlobalSection(SolutionConfigurationPlatforms) = preSolution
		Debug|Any CPU = Debug|Any CPU
		Release|Any CPU = Release|Any CPU
	EndGlobalSection
	GlobalSection(ProjectConfigurationPlatforms) = postSolution
		{6718844C-4659-E27D-F7BB-00B32D33C517}.Debug|Any CPU.ActiveCfg = Debug|Any CPU
		{6718844C-4659-E27D-F7BB-00B32D33C517}.Debug|Any CPU.Build.0 = Debug|Any CPU
		{6718844C-4659-E27D-F7BB-00B32D33C517}.Release|Any CPU.ActiveCfg = Release|Any CPU
		{6718844C-4659-E27D-F7BB-00B32D33C517}.Release|Any CPU.Build.0 = Release|Any CPU
		{81DDED9D-158B-E303-5F62-77A2896D2A5A}.Debug|Any CPU.ActiveCfg = Debug|Any CPU
		{81DDED9D-158B-E303-5F62-77A2896D2A5A}.Debug|Any CPU.Build.0 = Debug|Any CPU
		{81DDED9D-158B-E303-5F62-77A2896D2A5A}.Release|Any CPU.ActiveCfg = Release|Any CPU
		{81DDED9D-158B-E303-5F62-77A2896D2A5A}.Release|Any CPU.Build.0 = Release|Any CPU
		{E79A77F6-FD1F-4CFE-BAD1-B78351DFD969}.Debug|Any CPU.ActiveCfg = Debug|Any CPU
		{E79A77F6-FD1F-4CFE-BAD1-B78351DFD969}.Debug|Any CPU.Build.0 = Debug|Any CPU
		{E79A77F6-FD1F-4CFE-BAD1-B78351DFD969}.Release|Any CPU.ActiveCfg = Release|Any CPU
		{E79A77F6-FD1F-4CFE-BAD1-B78351DFD969}.Release|Any CPU.Build.0 = Release|Any CPU
		{1117C544-761B-479B-9426-75EA059767B9}.Debug|Any CPU.ActiveCfg = Debug|Any CPU
		{1117C544-761B-479B-9426-75EA059767B9}.Debug|Any CPU.Build.0 = Debug|Any CPU
		{1117C544-761B-479B-9426-75EA059767B9}.Release|Any CPU.ActiveCfg = Release|Any CPU
		{1117C544-761B-479B-9426-75EA059767B9}.Release|Any CPU.Build.0 = Release|Any CPU
		{B9BFDD79-B3C7-42C6-3289-74F963EE317F}.Debug|Any CPU.ActiveCfg = Debug|Any CPU
		{B9BFDD79-B3C7-42C6-3289-74F963EE317F}.Debug|Any CPU.Build.0 = Debug|Any CPU
		{B9BFDD79-B3C7-42C6-3289-74F963EE317F}.Release|Any CPU.ActiveCfg = Release|Any CPU
		{B9BFDD79-B3C7-42C6-3289-74F963EE317F}.Release|Any CPU.Build.0 = Release|Any CPU
		{C090BDC9-30ED-7F78-796F-EF6B3B5185CB}.Debug|Any CPU.ActiveCfg = Debug|Any CPU
		{C090BDC9-30ED-7F78-796F-EF6B3B5185CB}.Debug|Any CPU.Build.0 = Debug|Any CPU
		{C090BDC9-30ED-7F78-796F-EF6B3B5185CB}.Release|Any CPU.ActiveCfg = Release|Any CPU
		{C090BDC9-30ED-7F78-796F-EF6B3B5185CB}.Release|Any CPU.Build.0 = Release|Any CPU
	EndGlobalSection
	GlobalSection(SolutionProperties) = preSolution
		HideSolutionNode = FALSE
	EndGlobalSection
	GlobalSection(ExtensibilityGlobals) = postSolution
		SolutionGuid = {4ACFFA92-A625-4D3D-8628-E6F330F27FCA}
	EndGlobalSection
EndGlobal
